
Microsoft Visual Studio Solution File, Format Version 12.00
# Visual Studio 15
VisualStudioVersion = 15.0.28307.136
MinimumVisualStudioVersion = 10.0.40219.1
Project("{FAE04EC0-301F-11D3-BF4B-00C04F79EFBC}") = "MonitairDataReceiver", "MonitairDataReceiver\MonitairDataReceiver.csproj", "{7D618991-0E21-4581-908B-07A5777C7B35}"
EndProject
Global
	GlobalSection(SolutionConfigurationPlatforms) = preSolution
		Debug|Any CPU = Debug|Any CPU
		Release|Any CPU = Release|Any CPU
	EndGlobalSection
	GlobalSection(ProjectConfigurationPlatforms) = postSolution
		{7D618991-0E21-4581-908B-07A5777C7B35}.Debug|Any CPU.ActiveCfg = Debug|Any CPU
		{7D618991-0E21-4581-908B-07A5777C7B35}.Debug|Any CPU.Build.0 = Debug|Any CPU
		{7D618991-0E21-4581-908B-07A5777C7B35}.Release|Any CPU.ActiveCfg = Release|Any CPU
		{7D618991-0E21-4581-908B-07A5777C7B35}.Release|Any CPU.Build.0 = Release|Any CPU
	EndGlobalSection
	GlobalSection(SolutionProperties) = preSolution
		HideSolutionNode = FALSE
	EndGlobalSection
	GlobalSection(ExtensibilityGlobals) = postSolution
		SolutionGuid = {35F5F654-CAE7-432F-8BA1-72A9CFC2C423}
	EndGlobalSection
EndGlobal
